// !$*UTF8*$!
{
	archiveVersion = 1;
	classes = {
	};
	objectVersion = 50;
	objects = {

/* Begin PBXBuildFile section */
		0E1EF6F820DF5DE500703E25 /* AppDelegate.m in Sources */ = {isa = PBXBuildFile; fileRef = 0E1EF6F720DF5DE500703E25 /* AppDelegate.m */; };
		0E1EF6FE20DF5DE500703E25 /* Main.storyboard in Resources */ = {isa = PBXBuildFile; fileRef = 0E1EF6FC20DF5DE500703E25 /* Main.storyboard */; };
		0E1EF70020DF5DED00703E25 /* Assets.xcassets in Resources */ = {isa = PBXBuildFile; fileRef = 0E1EF6FF20DF5DED00703E25 /* Assets.xcassets */; };
		0E1EF70320DF5DED00703E25 /* LaunchScreen.storyboard in Resources */ = {isa = PBXBuildFile; fileRef = 0E1EF70120DF5DED00703E25 /* LaunchScreen.storyboard */; };
		0E1EF70620DF5DED00703E25 /* main.m in Sources */ = {isa = PBXBuildFile; fileRef = 0E1EF70520DF5DED00703E25 /* main.m */; };
		0E1EF71020DF5DEE00703E25 /* TestWeatherApplicationTests.m in Sources */ = {isa = PBXBuildFile; fileRef = 0E1EF70F20DF5DEE00703E25 /* TestWeatherApplicationTests.m */; };
		0E1EF71B20DF5DEE00703E25 /* TestWeatherApplicationUITests.m in Sources */ = {isa = PBXBuildFile; fileRef = 0E1EF71A20DF5DEE00703E25 /* TestWeatherApplicationUITests.m */; };
		0E7E1D7820E12943005EDFB6 /* CityData.json in Resources */ = {isa = PBXBuildFile; fileRef = 0E7E1D6520E12943005EDFB6 /* CityData.json */; };
		0E7E1D7920E12943005EDFB6 /* SVIndefiniteAnimatedView.m in Sources */ = {isa = PBXBuildFile; fileRef = 0E7E1D6E20E12943005EDFB6 /* SVIndefiniteAnimatedView.m */; };
		0E7E1D7A20E12943005EDFB6 /* SVProgressAnimatedView.m in Sources */ = {isa = PBXBuildFile; fileRef = 0E7E1D7020E12943005EDFB6 /* SVProgressAnimatedView.m */; };
		0E7E1D7B20E12943005EDFB6 /* SVProgressHUD.bundle in Resources */ = {isa = PBXBuildFile; fileRef = 0E7E1D7220E12943005EDFB6 /* SVProgressHUD.bundle */; };
		0E7E1D7C20E12943005EDFB6 /* SVProgressHUD.m in Sources */ = {isa = PBXBuildFile; fileRef = 0E7E1D7420E12943005EDFB6 /* SVProgressHUD.m */; };
		0E7E1D7D20E12943005EDFB6 /* SVRadialGradientLayer.m in Sources */ = {isa = PBXBuildFile; fileRef = 0E7E1D7620E12943005EDFB6 /* SVRadialGradientLayer.m */; };
		0E7E1DA620E4934C005EDFB6 /* PrefectureListViewController.m in Sources */ = {isa = PBXBuildFile; fileRef = 0E7E1D9F20E4934B005EDFB6 /* PrefectureListViewController.m */; };
		0E7E1DA820E4934C005EDFB6 /* PrefectureListTableViewCell.m in Sources */ = {isa = PBXBuildFile; fileRef = 0E7E1DA420E4934C005EDFB6 /* PrefectureListTableViewCell.m */; };
		0E7E1DA920E4934C005EDFB6 /* PrefectureListTableViewCell.xib in Resources */ = {isa = PBXBuildFile; fileRef = 0E7E1DA520E4934C005EDFB6 /* PrefectureListTableViewCell.xib */; };
		0E7E1DB320E49361005EDFB6 /* AreaFilterTableViewCell.m in Sources */ = {isa = PBXBuildFile; fileRef = 0E7E1DAC20E49361005EDFB6 /* AreaFilterTableViewCell.m */; };
		0E7E1DB420E49361005EDFB6 /* AreaFilterTableViewCell.xib in Resources */ = {isa = PBXBuildFile; fileRef = 0E7E1DAD20E49361005EDFB6 /* AreaFilterTableViewCell.xib */; };
		0E7E1DB520E49361005EDFB6 /* AreaFilterViewController.m in Sources */ = {isa = PBXBuildFile; fileRef = 0E7E1DB020E49361005EDFB6 /* AreaFilterViewController.m */; };
		0E7E1DBD20E4936F005EDFB6 /* WeatherViewController.m in Sources */ = {isa = PBXBuildFile; fileRef = 0E7E1DBB20E4936F005EDFB6 /* WeatherViewController.m */; };
		0E7E1DC120E49390005EDFB6 /* PrefectureListModel.m in Sources */ = {isa = PBXBuildFile; fileRef = 0E7E1DC020E49390005EDFB6 /* PrefectureListModel.m */; };
		0E7E1DC420E493AC005EDFB6 /* AreaFilterModel.m in Sources */ = {isa = PBXBuildFile; fileRef = 0E7E1DC320E493AC005EDFB6 /* AreaFilterModel.m */; };
		0E7E1DC720E493F2005EDFB6 /* WeatherModel.m in Sources */ = {isa = PBXBuildFile; fileRef = 0E7E1DC620E493F2005EDFB6 /* WeatherModel.m */; };
		0E7E1DCA20E4945C005EDFB6 /* AreaFilterView.m in Sources */ = {isa = PBXBuildFile; fileRef = 0E7E1DC920E4945C005EDFB6 /* AreaFilterView.m */; };
		0E7E1DCC20E49473005EDFB6 /* AreaFilterView.xib in Resources */ = {isa = PBXBuildFile; fileRef = 0E7E1DCB20E49473005EDFB6 /* AreaFilterView.xib */; };
		0E7E1DCF20E494B9005EDFB6 /* PrefectureListView.m in Sources */ = {isa = PBXBuildFile; fileRef = 0E7E1DCE20E494B9005EDFB6 /* PrefectureListView.m */; };
		0E7E1DD120E494C1005EDFB6 /* PrefectureListView.xib in Resources */ = {isa = PBXBuildFile; fileRef = 0E7E1DD020E494C1005EDFB6 /* PrefectureListView.xib */; };
		0E7E1DD420E49529005EDFB6 /* WeatherView.m in Sources */ = {isa = PBXBuildFile; fileRef = 0E7E1DD320E49529005EDFB6 /* WeatherView.m */; };
		0E7E1DD620E49530005EDFB6 /* WeatherView.xib in Resources */ = {isa = PBXBuildFile; fileRef = 0E7E1DD520E49530005EDFB6 /* WeatherView.xib */; };
		0E7E1DDA20E4AE4F005EDFB6 /* WeatherInfoBaseView.m in Sources */ = {isa = PBXBuildFile; fileRef = 0E7E1DD920E4AE4F005EDFB6 /* WeatherInfoBaseView.m */; };
		0E7E1DDD20E4AEA3005EDFB6 /* WeatherInfoLargeView.m in Sources */ = {isa = PBXBuildFile; fileRef = 0E7E1DDC20E4AEA3005EDFB6 /* WeatherInfoLargeView.m */; };
		0E7E1DDF20E4AEAD005EDFB6 /* WeatherInfoLargeView.xib in Resources */ = {isa = PBXBuildFile; fileRef = 0E7E1DDE20E4AEAD005EDFB6 /* WeatherInfoLargeView.xib */; };
		0E7E1DE220E4AEBC005EDFB6 /* WeatherInfoSmallView.m in Sources */ = {isa = PBXBuildFile; fileRef = 0E7E1DE120E4AEBC005EDFB6 /* WeatherInfoSmallView.m */; };
		0E7E1DE420E4AEC1005EDFB6 /* WeatherInfoSmallView.xib in Resources */ = {isa = PBXBuildFile; fileRef = 0E7E1DE320E4AEC1005EDFB6 /* WeatherInfoSmallView.xib */; };
		0E7E1DEB20E4BA23005EDFB6 /* CityData.m in Sources */ = {isa = PBXBuildFile; fileRef = 0E7E1DE720E4BA23005EDFB6 /* CityData.m */; };
		0E7E1DEC20E4BA23005EDFB6 /* CityDataList.m in Sources */ = {isa = PBXBuildFile; fileRef = 0E7E1DEA20E4BA23005EDFB6 /* CityDataList.m */; };
		0E7E1DFF20E4BA2D005EDFB6 /* WeatherResponseCopyright.m in Sources */ = {isa = PBXBuildFile; fileRef = 0E7E1DF020E4BA2D005EDFB6 /* WeatherResponseCopyright.m */; };
		0E7E1E0020E4BA2D005EDFB6 /* WeatherResponseDescription.m in Sources */ = {isa = PBXBuildFile; fileRef = 0E7E1DF220E4BA2D005EDFB6 /* WeatherResponseDescription.m */; };
		0E7E1E0120E4BA2D005EDFB6 /* WeatherResponseForecast.m in Sources */ = {isa = PBXBuildFile; fileRef = 0E7E1DF420E4BA2D005EDFB6 /* WeatherResponseForecast.m */; };
		0E7E1E0220E4BA2D005EDFB6 /* WeatherResponseImage.m in Sources */ = {isa = PBXBuildFile; fileRef = 0E7E1DF620E4BA2D005EDFB6 /* WeatherResponseImage.m */; };
		0E7E1E0320E4BA2D005EDFB6 /* WeatherResponseLocation.m in Sources */ = {isa = PBXBuildFile; fileRef = 0E7E1DF820E4BA2D005EDFB6 /* WeatherResponseLocation.m */; };
		0E7E1E0420E4BA2D005EDFB6 /* WeatherResponseProvider.m in Sources */ = {isa = PBXBuildFile; fileRef = 0E7E1DFA20E4BA2D005EDFB6 /* WeatherResponseProvider.m */; };
		0E7E1E0520E4BA2D005EDFB6 /* WeatherResponseTemperature.m in Sources */ = {isa = PBXBuildFile; fileRef = 0E7E1DFC20E4BA2D005EDFB6 /* WeatherResponseTemperature.m */; };
		0E7E1E0620E4BA2D005EDFB6 /* WeatherResponse.m in Sources */ = {isa = PBXBuildFile; fileRef = 0E7E1DFE20E4BA2D005EDFB6 /* WeatherResponse.m */; };
		0E7E1E0B20E4BE57005EDFB6 /* WeatherResponseMax.m in Sources */ = {isa = PBXBuildFile; fileRef = 0E7E1E0A20E4BE56005EDFB6 /* WeatherResponseMax.m */; };
/* End PBXBuildFile section */

/* Begin PBXContainerItemProxy section */
		0E1EF70C20DF5DEE00703E25 /* PBXContainerItemProxy */ = {
			isa = PBXContainerItemProxy;
			containerPortal = 0E1EF6EB20DF5DE500703E25 /* Project object */;
			proxyType = 1;
			remoteGlobalIDString = 0E1EF6F220DF5DE500703E25;
			remoteInfo = TestWeatherApplication;
		};
		0E1EF71720DF5DEE00703E25 /* PBXContainerItemProxy */ = {
			isa = PBXContainerItemProxy;
			containerPortal = 0E1EF6EB20DF5DE500703E25 /* Project object */;
			proxyType = 1;
			remoteGlobalIDString = 0E1EF6F220DF5DE500703E25;
			remoteInfo = TestWeatherApplication;
		};
/* End PBXContainerItemProxy section */

/* Begin PBXFileReference section */
		0E1EF6F320DF5DE500703E25 /* TestWeatherApplication.app */ = {isa = PBXFileReference; explicitFileType = wrapper.application; includeInIndex = 0; path = TestWeatherApplication.app; sourceTree = BUILT_PRODUCTS_DIR; };
		0E1EF6F620DF5DE500703E25 /* AppDelegate.h */ = {isa = PBXFileReference; lastKnownFileType = sourcecode.c.h; path = AppDelegate.h; sourceTree = "<group>"; };
		0E1EF6F720DF5DE500703E25 /* AppDelegate.m */ = {isa = PBXFileReference; lastKnownFileType = sourcecode.c.objc; path = AppDelegate.m; sourceTree = "<group>"; };
		0E1EF6FD20DF5DE500703E25 /* Base */ = {isa = PBXFileReference; lastKnownFileType = file.storyboard; name = Base; path = Base.lproj/Main.storyboard; sourceTree = "<group>"; };
		0E1EF6FF20DF5DED00703E25 /* Assets.xcassets */ = {isa = PBXFileReference; lastKnownFileType = folder.assetcatalog; path = Assets.xcassets; sourceTree = "<group>"; };
		0E1EF70220DF5DED00703E25 /* Base */ = {isa = PBXFileReference; lastKnownFileType = file.storyboard; name = Base; path = Base.lproj/LaunchScreen.storyboard; sourceTree = "<group>"; };
		0E1EF70420DF5DED00703E25 /* Info.plist */ = {isa = PBXFileReference; lastKnownFileType = text.plist.xml; path = Info.plist; sourceTree = "<group>"; };
		0E1EF70520DF5DED00703E25 /* main.m */ = {isa = PBXFileReference; lastKnownFileType = sourcecode.c.objc; path = main.m; sourceTree = "<group>"; };
		0E1EF70B20DF5DEE00703E25 /* TestWeatherApplicationTests.xctest */ = {isa = PBXFileReference; explicitFileType = wrapper.cfbundle; includeInIndex = 0; path = TestWeatherApplicationTests.xctest; sourceTree = BUILT_PRODUCTS_DIR; };
		0E1EF70F20DF5DEE00703E25 /* TestWeatherApplicationTests.m */ = {isa = PBXFileReference; lastKnownFileType = sourcecode.c.objc; path = TestWeatherApplicationTests.m; sourceTree = "<group>"; };
		0E1EF71120DF5DEE00703E25 /* Info.plist */ = {isa = PBXFileReference; lastKnownFileType = text.plist.xml; path = Info.plist; sourceTree = "<group>"; };
		0E1EF71620DF5DEE00703E25 /* TestWeatherApplicationUITests.xctest */ = {isa = PBXFileReference; explicitFileType = wrapper.cfbundle; includeInIndex = 0; path = TestWeatherApplicationUITests.xctest; sourceTree = BUILT_PRODUCTS_DIR; };
		0E1EF71A20DF5DEE00703E25 /* TestWeatherApplicationUITests.m */ = {isa = PBXFileReference; lastKnownFileType = sourcecode.c.objc; path = TestWeatherApplicationUITests.m; sourceTree = "<group>"; };
		0E1EF71C20DF5DEE00703E25 /* Info.plist */ = {isa = PBXFileReference; lastKnownFileType = text.plist.xml; path = Info.plist; sourceTree = "<group>"; };
		0E7E1D6520E12943005EDFB6 /* CityData.json */ = {isa = PBXFileReference; fileEncoding = 4; lastKnownFileType = text.json; path = CityData.json; sourceTree = "<group>"; };
		0E7E1D6D20E12943005EDFB6 /* SVIndefiniteAnimatedView.h */ = {isa = PBXFileReference; fileEncoding = 4; lastKnownFileType = sourcecode.c.h; path = SVIndefiniteAnimatedView.h; sourceTree = "<group>"; };
		0E7E1D6E20E12943005EDFB6 /* SVIndefiniteAnimatedView.m */ = {isa = PBXFileReference; fileEncoding = 4; lastKnownFileType = sourcecode.c.objc; path = SVIndefiniteAnimatedView.m; sourceTree = "<group>"; };
		0E7E1D6F20E12943005EDFB6 /* SVProgressAnimatedView.h */ = {isa = PBXFileReference; fileEncoding = 4; lastKnownFileType = sourcecode.c.h; path = SVProgressAnimatedView.h; sourceTree = "<group>"; };
		0E7E1D7020E12943005EDFB6 /* SVProgressAnimatedView.m */ = {isa = PBXFileReference; fileEncoding = 4; lastKnownFileType = sourcecode.c.objc; path = SVProgressAnimatedView.m; sourceTree = "<group>"; };
		0E7E1D7120E12943005EDFB6 /* SVProgressHUD-Prefix.pch */ = {isa = PBXFileReference; fileEncoding = 4; lastKnownFileType = sourcecode.c.h; path = "SVProgressHUD-Prefix.pch"; sourceTree = "<group>"; };
		0E7E1D7220E12943005EDFB6 /* SVProgressHUD.bundle */ = {isa = PBXFileReference; lastKnownFileType = "wrapper.plug-in"; path = SVProgressHUD.bundle; sourceTree = "<group>"; };
		0E7E1D7320E12943005EDFB6 /* SVProgressHUD.h */ = {isa = PBXFileReference; fileEncoding = 4; lastKnownFileType = sourcecode.c.h; path = SVProgressHUD.h; sourceTree = "<group>"; };
		0E7E1D7420E12943005EDFB6 /* SVProgressHUD.m */ = {isa = PBXFileReference; fileEncoding = 4; lastKnownFileType = sourcecode.c.objc; path = SVProgressHUD.m; sourceTree = "<group>"; };
		0E7E1D7520E12943005EDFB6 /* SVRadialGradientLayer.h */ = {isa = PBXFileReference; fileEncoding = 4; lastKnownFileType = sourcecode.c.h; path = SVRadialGradientLayer.h; sourceTree = "<group>"; };
		0E7E1D7620E12943005EDFB6 /* SVRadialGradientLayer.m */ = {isa = PBXFileReference; fileEncoding = 4; lastKnownFileType = sourcecode.c.objc; path = SVRadialGradientLayer.m; sourceTree = "<group>"; };
		0E7E1D7E20E129F5005EDFB6 /* TestWeatherApplication-PrefixHeader.pch */ = {isa = PBXFileReference; lastKnownFileType = sourcecode.c.h; path = "TestWeatherApplication-PrefixHeader.pch"; sourceTree = "<group>"; };
		0E7E1D9B20E29E9D005EDFB6 /* NetworkKey.h */ = {isa = PBXFileReference; lastKnownFileType = sourcecode.c.h; path = NetworkKey.h; sourceTree = "<group>"; };
		0E7E1D9C20E2A000005EDFB6 /* CommonKey.h */ = {isa = PBXFileReference; lastKnownFileType = sourcecode.c.h; path = CommonKey.h; sourceTree = "<group>"; };
		0E7E1D9E20E4934B005EDFB6 /* PrefectureListViewController.h */ = {isa = PBXFileReference; fileEncoding = 4; lastKnownFileType = sourcecode.c.h; path = PrefectureListViewController.h; sourceTree = "<group>"; };
		0E7E1D9F20E4934B005EDFB6 /* PrefectureListViewController.m */ = {isa = PBXFileReference; fileEncoding = 4; lastKnownFileType = sourcecode.c.objc; path = PrefectureListViewController.m; sourceTree = "<group>"; };
		0E7E1DA320E4934C005EDFB6 /* PrefectureListTableViewCell.h */ = {isa = PBXFileReference; fileEncoding = 4; lastKnownFileType = sourcecode.c.h; path = PrefectureListTableViewCell.h; sourceTree = "<group>"; };
		0E7E1DA420E4934C005EDFB6 /* PrefectureListTableViewCell.m */ = {isa = PBXFileReference; fileEncoding = 4; lastKnownFileType = sourcecode.c.objc; path = PrefectureListTableViewCell.m; sourceTree = "<group>"; };
		0E7E1DA520E4934C005EDFB6 /* PrefectureListTableViewCell.xib */ = {isa = PBXFileReference; fileEncoding = 4; lastKnownFileType = file.xib; path = PrefectureListTableViewCell.xib; sourceTree = "<group>"; };
		0E7E1DAB20E49361005EDFB6 /* AreaFilterTableViewCell.h */ = {isa = PBXFileReference; fileEncoding = 4; lastKnownFileType = sourcecode.c.h; path = AreaFilterTableViewCell.h; sourceTree = "<group>"; };
		0E7E1DAC20E49361005EDFB6 /* AreaFilterTableViewCell.m */ = {isa = PBXFileReference; fileEncoding = 4; lastKnownFileType = sourcecode.c.objc; path = AreaFilterTableViewCell.m; sourceTree = "<group>"; };
		0E7E1DAD20E49361005EDFB6 /* AreaFilterTableViewCell.xib */ = {isa = PBXFileReference; fileEncoding = 4; lastKnownFileType = file.xib; path = AreaFilterTableViewCell.xib; sourceTree = "<group>"; };
		0E7E1DAF20E49361005EDFB6 /* AreaFilterViewController.h */ = {isa = PBXFileReference; fileEncoding = 4; lastKnownFileType = sourcecode.c.h; path = AreaFilterViewController.h; sourceTree = "<group>"; };
		0E7E1DB020E49361005EDFB6 /* AreaFilterViewController.m */ = {isa = PBXFileReference; fileEncoding = 4; lastKnownFileType = sourcecode.c.objc; path = AreaFilterViewController.m; sourceTree = "<group>"; };
		0E7E1DBA20E4936F005EDFB6 /* WeatherViewController.h */ = {isa = PBXFileReference; fileEncoding = 4; lastKnownFileType = sourcecode.c.h; path = WeatherViewController.h; sourceTree = "<group>"; };
		0E7E1DBB20E4936F005EDFB6 /* WeatherViewController.m */ = {isa = PBXFileReference; fileEncoding = 4; lastKnownFileType = sourcecode.c.objc; path = WeatherViewController.m; sourceTree = "<group>"; };
		0E7E1DBF20E49390005EDFB6 /* PrefectureListModel.h */ = {isa = PBXFileReference; lastKnownFileType = sourcecode.c.h; path = PrefectureListModel.h; sourceTree = "<group>"; };
		0E7E1DC020E49390005EDFB6 /* PrefectureListModel.m */ = {isa = PBXFileReference; lastKnownFileType = sourcecode.c.objc; path = PrefectureListModel.m; sourceTree = "<group>"; };
		0E7E1DC220E493AC005EDFB6 /* AreaFilterModel.h */ = {isa = PBXFileReference; lastKnownFileType = sourcecode.c.h; path = AreaFilterModel.h; sourceTree = "<group>"; };
		0E7E1DC320E493AC005EDFB6 /* AreaFilterModel.m */ = {isa = PBXFileReference; lastKnownFileType = sourcecode.c.objc; path = AreaFilterModel.m; sourceTree = "<group>"; };
		0E7E1DC520E493F2005EDFB6 /* WeatherModel.h */ = {isa = PBXFileReference; lastKnownFileType = sourcecode.c.h; path = WeatherModel.h; sourceTree = "<group>"; };
		0E7E1DC620E493F2005EDFB6 /* WeatherModel.m */ = {isa = PBXFileReference; lastKnownFileType = sourcecode.c.objc; path = WeatherModel.m; sourceTree = "<group>"; };
		0E7E1DC820E4945C005EDFB6 /* AreaFilterView.h */ = {isa = PBXFileReference; lastKnownFileType = sourcecode.c.h; path = AreaFilterView.h; sourceTree = "<group>"; };
		0E7E1DC920E4945C005EDFB6 /* AreaFilterView.m */ = {isa = PBXFileReference; lastKnownFileType = sourcecode.c.objc; path = AreaFilterView.m; sourceTree = "<group>"; };
		0E7E1DCB20E49473005EDFB6 /* AreaFilterView.xib */ = {isa = PBXFileReference; lastKnownFileType = file.xib; path = AreaFilterView.xib; sourceTree = "<group>"; };
		0E7E1DCD20E494B9005EDFB6 /* PrefectureListView.h */ = {isa = PBXFileReference; lastKnownFileType = sourcecode.c.h; path = PrefectureListView.h; sourceTree = "<group>"; };
		0E7E1DCE20E494B9005EDFB6 /* PrefectureListView.m */ = {isa = PBXFileReference; lastKnownFileType = sourcecode.c.objc; path = PrefectureListView.m; sourceTree = "<group>"; };
		0E7E1DD020E494C1005EDFB6 /* PrefectureListView.xib */ = {isa = PBXFileReference; lastKnownFileType = file.xib; path = PrefectureListView.xib; sourceTree = "<group>"; };
		0E7E1DD220E49529005EDFB6 /* WeatherView.h */ = {isa = PBXFileReference; lastKnownFileType = sourcecode.c.h; path = WeatherView.h; sourceTree = "<group>"; };
		0E7E1DD320E49529005EDFB6 /* WeatherView.m */ = {isa = PBXFileReference; lastKnownFileType = sourcecode.c.objc; path = WeatherView.m; sourceTree = "<group>"; };
		0E7E1DD520E49530005EDFB6 /* WeatherView.xib */ = {isa = PBXFileReference; lastKnownFileType = file.xib; path = WeatherView.xib; sourceTree = "<group>"; };
		0E7E1DD820E4AE4F005EDFB6 /* WeatherInfoBaseView.h */ = {isa = PBXFileReference; lastKnownFileType = sourcecode.c.h; path = WeatherInfoBaseView.h; sourceTree = "<group>"; };
		0E7E1DD920E4AE4F005EDFB6 /* WeatherInfoBaseView.m */ = {isa = PBXFileReference; lastKnownFileType = sourcecode.c.objc; path = WeatherInfoBaseView.m; sourceTree = "<group>"; };
		0E7E1DDB20E4AEA3005EDFB6 /* WeatherInfoLargeView.h */ = {isa = PBXFileReference; lastKnownFileType = sourcecode.c.h; path = WeatherInfoLargeView.h; sourceTree = "<group>"; };
		0E7E1DDC20E4AEA3005EDFB6 /* WeatherInfoLargeView.m */ = {isa = PBXFileReference; lastKnownFileType = sourcecode.c.objc; path = WeatherInfoLargeView.m; sourceTree = "<group>"; };
		0E7E1DDE20E4AEAD005EDFB6 /* WeatherInfoLargeView.xib */ = {isa = PBXFileReference; lastKnownFileType = file.xib; path = WeatherInfoLargeView.xib; sourceTree = "<group>"; };
		0E7E1DE020E4AEBC005EDFB6 /* WeatherInfoSmallView.h */ = {isa = PBXFileReference; lastKnownFileType = sourcecode.c.h; path = WeatherInfoSmallView.h; sourceTree = "<group>"; };
		0E7E1DE120E4AEBC005EDFB6 /* WeatherInfoSmallView.m */ = {isa = PBXFileReference; lastKnownFileType = sourcecode.c.objc; path = WeatherInfoSmallView.m; sourceTree = "<group>"; };
		0E7E1DE320E4AEC1005EDFB6 /* WeatherInfoSmallView.xib */ = {isa = PBXFileReference; lastKnownFileType = file.xib; path = WeatherInfoSmallView.xib; sourceTree = "<group>"; };
		0E7E1DE620E4BA23005EDFB6 /* CityData.h */ = {isa = PBXFileReference; fileEncoding = 4; lastKnownFileType = sourcecode.c.h; path = CityData.h; sourceTree = "<group>"; };
		0E7E1DE720E4BA23005EDFB6 /* CityData.m */ = {isa = PBXFileReference; fileEncoding = 4; lastKnownFileType = sourcecode.c.objc; path = CityData.m; sourceTree = "<group>"; };
		0E7E1DE920E4BA23005EDFB6 /* CityDataList.h */ = {isa = PBXFileReference; fileEncoding = 4; lastKnownFileType = sourcecode.c.h; path = CityDataList.h; sourceTree = "<group>"; };
		0E7E1DEA20E4BA23005EDFB6 /* CityDataList.m */ = {isa = PBXFileReference; fileEncoding = 4; lastKnownFileType = sourcecode.c.objc; path = CityDataList.m; sourceTree = "<group>"; };
		0E7E1DEF20E4BA2D005EDFB6 /* WeatherResponseCopyright.h */ = {isa = PBXFileReference; fileEncoding = 4; lastKnownFileType = sourcecode.c.h; path = WeatherResponseCopyright.h; sourceTree = "<group>"; };
		0E7E1DF020E4BA2D005EDFB6 /* WeatherResponseCopyright.m */ = {isa = PBXFileReference; fileEncoding = 4; lastKnownFileType = sourcecode.c.objc; path = WeatherResponseCopyright.m; sourceTree = "<group>"; };
		0E7E1DF120E4BA2D005EDFB6 /* WeatherResponseDescription.h */ = {isa = PBXFileReference; fileEncoding = 4; lastKnownFileType = sourcecode.c.h; path = WeatherResponseDescription.h; sourceTree = "<group>"; };
		0E7E1DF220E4BA2D005EDFB6 /* WeatherResponseDescription.m */ = {isa = PBXFileReference; fileEncoding = 4; lastKnownFileType = sourcecode.c.objc; path = WeatherResponseDescription.m; sourceTree = "<group>"; };
		0E7E1DF320E4BA2D005EDFB6 /* WeatherResponseForecast.h */ = {isa = PBXFileReference; fileEncoding = 4; lastKnownFileType = sourcecode.c.h; path = WeatherResponseForecast.h; sourceTree = "<group>"; };
		0E7E1DF420E4BA2D005EDFB6 /* WeatherResponseForecast.m */ = {isa = PBXFileReference; fileEncoding = 4; lastKnownFileType = sourcecode.c.objc; path = WeatherResponseForecast.m; sourceTree = "<group>"; };
		0E7E1DF520E4BA2D005EDFB6 /* WeatherResponseImage.h */ = {isa = PBXFileReference; fileEncoding = 4; lastKnownFileType = sourcecode.c.h; path = WeatherResponseImage.h; sourceTree = "<group>"; };
		0E7E1DF620E4BA2D005EDFB6 /* WeatherResponseImage.m */ = {isa = PBXFileReference; fileEncoding = 4; lastKnownFileType = sourcecode.c.objc; path = WeatherResponseImage.m; sourceTree = "<group>"; };
		0E7E1DF720E4BA2D005EDFB6 /* WeatherResponseLocation.h */ = {isa = PBXFileReference; fileEncoding = 4; lastKnownFileType = sourcecode.c.h; path = WeatherResponseLocation.h; sourceTree = "<group>"; };
		0E7E1DF820E4BA2D005EDFB6 /* WeatherResponseLocation.m */ = {isa = PBXFileReference; fileEncoding = 4; lastKnownFileType = sourcecode.c.objc; path = WeatherResponseLocation.m; sourceTree = "<group>"; };
		0E7E1DF920E4BA2D005EDFB6 /* WeatherResponseProvider.h */ = {isa = PBXFileReference; fileEncoding = 4; lastKnownFileType = sourcecode.c.h; path = WeatherResponseProvider.h; sourceTree = "<group>"; };
		0E7E1DFA20E4BA2D005EDFB6 /* WeatherResponseProvider.m */ = {isa = PBXFileReference; fileEncoding = 4; lastKnownFileType = sourcecode.c.objc; path = WeatherResponseProvider.m; sourceTree = "<group>"; };
		0E7E1DFB20E4BA2D005EDFB6 /* WeatherResponseTemperature.h */ = {isa = PBXFileReference; fileEncoding = 4; lastKnownFileType = sourcecode.c.h; path = WeatherResponseTemperature.h; sourceTree = "<group>"; };
		0E7E1DFC20E4BA2D005EDFB6 /* WeatherResponseTemperature.m */ = {isa = PBXFileReference; fileEncoding = 4; lastKnownFileType = sourcecode.c.objc; path = WeatherResponseTemperature.m; sourceTree = "<group>"; };
		0E7E1DFD20E4BA2D005EDFB6 /* WeatherResponse.h */ = {isa = PBXFileReference; fileEncoding = 4; lastKnownFileType = sourcecode.c.h; path = WeatherResponse.h; sourceTree = "<group>"; };
		0E7E1DFE20E4BA2D005EDFB6 /* WeatherResponse.m */ = {isa = PBXFileReference; fileEncoding = 4; lastKnownFileType = sourcecode.c.objc; path = WeatherResponse.m; sourceTree = "<group>"; };
		0E7E1E0920E4BE56005EDFB6 /* WeatherResponseMax.h */ = {isa = PBXFileReference; fileEncoding = 4; lastKnownFileType = sourcecode.c.h; path = WeatherResponseMax.h; sourceTree = "<group>"; };
		0E7E1E0A20E4BE56005EDFB6 /* WeatherResponseMax.m */ = {isa = PBXFileReference; fileEncoding = 4; lastKnownFileType = sourcecode.c.objc; path = WeatherResponseMax.m; sourceTree = "<group>"; };
/* End PBXFileReference section */

/* Begin PBXFrameworksBuildPhase section */
		0E1EF6F020DF5DE500703E25 /* Frameworks */ = {
			isa = PBXFrameworksBuildPhase;
			buildActionMask = 2147483647;
			files = (
			);
			runOnlyForDeploymentPostprocessing = 0;
		};
		0E1EF70820DF5DEE00703E25 /* Frameworks */ = {
			isa = PBXFrameworksBuildPhase;
			buildActionMask = 2147483647;
			files = (
			);
			runOnlyForDeploymentPostprocessing = 0;
		};
		0E1EF71320DF5DEE00703E25 /* Frameworks */ = {
			isa = PBXFrameworksBuildPhase;
			buildActionMask = 2147483647;
			files = (
			);
			runOnlyForDeploymentPostprocessing = 0;
		};
/* End PBXFrameworksBuildPhase section */

/* Begin PBXGroup section */
		0E1EF6EA20DF5DE500703E25 = {
			isa = PBXGroup;
			children = (
				0E1EF6F520DF5DE500703E25 /* TestWeatherApplication */,
				0E1EF70E20DF5DEE00703E25 /* TestWeatherApplicationTests */,
				0E1EF71920DF5DEE00703E25 /* TestWeatherApplicationUITests */,
				0E1EF6F420DF5DE500703E25 /* Products */,
			);
			sourceTree = "<group>";
		};
		0E1EF6F420DF5DE500703E25 /* Products */ = {
			isa = PBXGroup;
			children = (
				0E1EF6F320DF5DE500703E25 /* TestWeatherApplication.app */,
				0E1EF70B20DF5DEE00703E25 /* TestWeatherApplicationTests.xctest */,
				0E1EF71620DF5DEE00703E25 /* TestWeatherApplicationUITests.xctest */,
			);
			name = Products;
			sourceTree = "<group>";
		};
		0E1EF6F520DF5DE500703E25 /* TestWeatherApplication */ = {
			isa = PBXGroup;
			children = (
				0E1EF6F620DF5DE500703E25 /* AppDelegate.h */,
				0E1EF6F720DF5DE500703E25 /* AppDelegate.m */,
				0E1EF6FC20DF5DE500703E25 /* Main.storyboard */,
				0E1EF6FF20DF5DED00703E25 /* Assets.xcassets */,
				0E1EF70120DF5DED00703E25 /* LaunchScreen.storyboard */,
				0E7E1D6620E12943005EDFB6 /* Source */,
				0E7E1D6420E12943005EDFB6 /* Resource */,
				0E7E1D7720E12943005EDFB6 /* Supporting Files */,
			);
			path = TestWeatherApplication;
			sourceTree = "<group>";
		};
		0E1EF70E20DF5DEE00703E25 /* TestWeatherApplicationTests */ = {
			isa = PBXGroup;
			children = (
				0E1EF70F20DF5DEE00703E25 /* TestWeatherApplicationTests.m */,
				0E1EF71120DF5DEE00703E25 /* Info.plist */,
			);
			path = TestWeatherApplicationTests;
			sourceTree = "<group>";
		};
		0E1EF71920DF5DEE00703E25 /* TestWeatherApplicationUITests */ = {
			isa = PBXGroup;
			children = (
				0E1EF71A20DF5DEE00703E25 /* TestWeatherApplicationUITests.m */,
				0E1EF71C20DF5DEE00703E25 /* Info.plist */,
			);
			path = TestWeatherApplicationUITests;
			sourceTree = "<group>";
		};
		0E7E1D6420E12943005EDFB6 /* Resource */ = {
			isa = PBXGroup;
			children = (
				0E7E1D6520E12943005EDFB6 /* CityData.json */,
			);
			path = Resource;
			sourceTree = "<group>";
		};
		0E7E1D6620E12943005EDFB6 /* Source */ = {
			isa = PBXGroup;
			children = (
				0E7E1D9A20E29E85005EDFB6 /* Common */,
				0E7E1D6720E12943005EDFB6 /* Display */,
				0E7E1D6B20E12943005EDFB6 /* Framework */,
			);
			path = Source;
			sourceTree = "<group>";
		};
		0E7E1D6720E12943005EDFB6 /* Display */ = {
			isa = PBXGroup;
			children = (
				0E7E1D6920E12943005EDFB6 /* PrefectureList */,
				0E7E1D6820E12943005EDFB6 /* AreaFilter */,
				0E7E1D6A20E12943005EDFB6 /* Weather */,
			);
			path = Display;
			sourceTree = "<group>";
		};
		0E7E1D6820E12943005EDFB6 /* AreaFilter */ = {
			isa = PBXGroup;
			children = (
				0E7E1DB220E49361005EDFB6 /* Model */,
				0E7E1DAA20E49361005EDFB6 /* View */,
				0E7E1DAE20E49361005EDFB6 /* Controller */,
			);
			path = AreaFilter;
			sourceTree = "<group>";
		};
		0E7E1D6920E12943005EDFB6 /* PrefectureList */ = {
			isa = PBXGroup;
			children = (
				0E7E1DA120E4934C005EDFB6 /* Model */,
				0E7E1DA220E4934C005EDFB6 /* View */,
				0E7E1D9D20E4934B005EDFB6 /* Controller */,
			);
			path = PrefectureList;
			sourceTree = "<group>";
		};
		0E7E1D6A20E12943005EDFB6 /* Weather */ = {
			isa = PBXGroup;
			children = (
				0E7E1DB820E4936F005EDFB6 /* Model */,
				0E7E1DB720E4936F005EDFB6 /* View */,
				0E7E1DB920E4936F005EDFB6 /* Controller */,
			);
			path = Weather;
			sourceTree = "<group>";
		};
		0E7E1D6B20E12943005EDFB6 /* Framework */ = {
			isa = PBXGroup;
			children = (
				0E7E1D6C20E12943005EDFB6 /* SVProgressHUD */,
			);
			path = Framework;
			sourceTree = "<group>";
		};
		0E7E1D6C20E12943005EDFB6 /* SVProgressHUD */ = {
			isa = PBXGroup;
			children = (
				0E7E1D6D20E12943005EDFB6 /* SVIndefiniteAnimatedView.h */,
				0E7E1D6E20E12943005EDFB6 /* SVIndefiniteAnimatedView.m */,
				0E7E1D6F20E12943005EDFB6 /* SVProgressAnimatedView.h */,
				0E7E1D7020E12943005EDFB6 /* SVProgressAnimatedView.m */,
				0E7E1D7120E12943005EDFB6 /* SVProgressHUD-Prefix.pch */,
				0E7E1D7220E12943005EDFB6 /* SVProgressHUD.bundle */,
				0E7E1D7320E12943005EDFB6 /* SVProgressHUD.h */,
				0E7E1D7420E12943005EDFB6 /* SVProgressHUD.m */,
				0E7E1D7520E12943005EDFB6 /* SVRadialGradientLayer.h */,
				0E7E1D7620E12943005EDFB6 /* SVRadialGradientLayer.m */,
			);
			path = SVProgressHUD;
			sourceTree = "<group>";
		};
		0E7E1D7720E12943005EDFB6 /* Supporting Files */ = {
			isa = PBXGroup;
			children = (
				0E1EF70420DF5DED00703E25 /* Info.plist */,
				0E1EF70520DF5DED00703E25 /* main.m */,
				0E7E1D7E20E129F5005EDFB6 /* TestWeatherApplication-PrefixHeader.pch */,
			);
			path = "Supporting Files";
			sourceTree = "<group>";
		};
		0E7E1D9A20E29E85005EDFB6 /* Common */ = {
			isa = PBXGroup;
			children = (
				0E7E1D9B20E29E9D005EDFB6 /* NetworkKey.h */,
				0E7E1D9C20E2A000005EDFB6 /* CommonKey.h */,
			);
			path = Common;
			sourceTree = "<group>";
		};
		0E7E1D9D20E4934B005EDFB6 /* Controller */ = {
			isa = PBXGroup;
			children = (
				0E7E1D9E20E4934B005EDFB6 /* PrefectureListViewController.h */,
				0E7E1D9F20E4934B005EDFB6 /* PrefectureListViewController.m */,
			);
			path = Controller;
			sourceTree = "<group>";
		};
		0E7E1DA120E4934C005EDFB6 /* Model */ = {
			isa = PBXGroup;
			children = (
				0E7E1DE520E4BA23005EDFB6 /* CityData */,
				0E7E1DBF20E49390005EDFB6 /* PrefectureListModel.h */,
				0E7E1DC020E49390005EDFB6 /* PrefectureListModel.m */,
			);
			path = Model;
			sourceTree = "<group>";
		};
		0E7E1DA220E4934C005EDFB6 /* View */ = {
			isa = PBXGroup;
			children = (
				0E7E1DA320E4934C005EDFB6 /* PrefectureListTableViewCell.h */,
				0E7E1DA420E4934C005EDFB6 /* PrefectureListTableViewCell.m */,
				0E7E1DA520E4934C005EDFB6 /* PrefectureListTableViewCell.xib */,
				0E7E1DCD20E494B9005EDFB6 /* PrefectureListView.h */,
				0E7E1DCE20E494B9005EDFB6 /* PrefectureListView.m */,
				0E7E1DD020E494C1005EDFB6 /* PrefectureListView.xib */,
			);
			path = View;
			sourceTree = "<group>";
		};
		0E7E1DAA20E49361005EDFB6 /* View */ = {
			isa = PBXGroup;
			children = (
				0E7E1DAB20E49361005EDFB6 /* AreaFilterTableViewCell.h */,
				0E7E1DAC20E49361005EDFB6 /* AreaFilterTableViewCell.m */,
				0E7E1DAD20E49361005EDFB6 /* AreaFilterTableViewCell.xib */,
				0E7E1DC820E4945C005EDFB6 /* AreaFilterView.h */,
				0E7E1DC920E4945C005EDFB6 /* AreaFilterView.m */,
				0E7E1DCB20E49473005EDFB6 /* AreaFilterView.xib */,
			);
			path = View;
			sourceTree = "<group>";
		};
		0E7E1DAE20E49361005EDFB6 /* Controller */ = {
			isa = PBXGroup;
			children = (
				0E7E1DAF20E49361005EDFB6 /* AreaFilterViewController.h */,
				0E7E1DB020E49361005EDFB6 /* AreaFilterViewController.m */,
			);
			path = Controller;
			sourceTree = "<group>";
		};
		0E7E1DB220E49361005EDFB6 /* Model */ = {
			isa = PBXGroup;
			children = (
				0E7E1DC220E493AC005EDFB6 /* AreaFilterModel.h */,
				0E7E1DC320E493AC005EDFB6 /* AreaFilterModel.m */,
			);
			path = Model;
			sourceTree = "<group>";
		};
		0E7E1DB720E4936F005EDFB6 /* View */ = {
			isa = PBXGroup;
			children = (
				0E7E1DD720E4AE32005EDFB6 /* WeatherInfo */,
				0E7E1DD220E49529005EDFB6 /* WeatherView.h */,
				0E7E1DD320E49529005EDFB6 /* WeatherView.m */,
				0E7E1DD520E49530005EDFB6 /* WeatherView.xib */,
			);
			path = View;
			sourceTree = "<group>";
		};
		0E7E1DB820E4936F005EDFB6 /* Model */ = {
			isa = PBXGroup;
			children = (
				0E7E1DED20E4BA2D005EDFB6 /* WeatherResponse */,
				0E7E1DC520E493F2005EDFB6 /* WeatherModel.h */,
				0E7E1DC620E493F2005EDFB6 /* WeatherModel.m */,
			);
			path = Model;
			sourceTree = "<group>";
		};
		0E7E1DB920E4936F005EDFB6 /* Controller */ = {
			isa = PBXGroup;
			children = (
				0E7E1DBA20E4936F005EDFB6 /* WeatherViewController.h */,
				0E7E1DBB20E4936F005EDFB6 /* WeatherViewController.m */,
			);
			path = Controller;
			sourceTree = "<group>";
		};
		0E7E1DD720E4AE32005EDFB6 /* WeatherInfo */ = {
			isa = PBXGroup;
			children = (
				0E7E1DD820E4AE4F005EDFB6 /* WeatherInfoBaseView.h */,
				0E7E1DD920E4AE4F005EDFB6 /* WeatherInfoBaseView.m */,
				0E7E1DDB20E4AEA3005EDFB6 /* WeatherInfoLargeView.h */,
				0E7E1DDC20E4AEA3005EDFB6 /* WeatherInfoLargeView.m */,
				0E7E1DDE20E4AEAD005EDFB6 /* WeatherInfoLargeView.xib */,
				0E7E1DE020E4AEBC005EDFB6 /* WeatherInfoSmallView.h */,
				0E7E1DE120E4AEBC005EDFB6 /* WeatherInfoSmallView.m */,
				0E7E1DE320E4AEC1005EDFB6 /* WeatherInfoSmallView.xib */,
			);
			path = WeatherInfo;
			sourceTree = "<group>";
		};
		0E7E1DE520E4BA23005EDFB6 /* CityData */ = {
			isa = PBXGroup;
			children = (
				0E7E1DE620E4BA23005EDFB6 /* CityData.h */,
				0E7E1DE720E4BA23005EDFB6 /* CityData.m */,
				0E7E1DE820E4BA23005EDFB6 /* Property */,
			);
			path = CityData;
			sourceTree = "<group>";
		};
		0E7E1DE820E4BA23005EDFB6 /* Property */ = {
			isa = PBXGroup;
			children = (
				0E7E1DE920E4BA23005EDFB6 /* CityDataList.h */,
				0E7E1DEA20E4BA23005EDFB6 /* CityDataList.m */,
			);
			path = Property;
			sourceTree = "<group>";
		};
		0E7E1DED20E4BA2D005EDFB6 /* WeatherResponse */ = {
			isa = PBXGroup;
			children = (
				0E7E1DEE20E4BA2D005EDFB6 /* Property */,
				0E7E1DFD20E4BA2D005EDFB6 /* WeatherResponse.h */,
				0E7E1DFE20E4BA2D005EDFB6 /* WeatherResponse.m */,
			);
			path = WeatherResponse;
			sourceTree = "<group>";
		};
		0E7E1DEE20E4BA2D005EDFB6 /* Property */ = {
			isa = PBXGroup;
			children = (
				0E7E1E0920E4BE56005EDFB6 /* WeatherResponseMax.h */,
				0E7E1E0A20E4BE56005EDFB6 /* WeatherResponseMax.m */,
				0E7E1DEF20E4BA2D005EDFB6 /* WeatherResponseCopyright.h */,
				0E7E1DF020E4BA2D005EDFB6 /* WeatherResponseCopyright.m */,
				0E7E1DF120E4BA2D005EDFB6 /* WeatherResponseDescription.h */,
				0E7E1DF220E4BA2D005EDFB6 /* WeatherResponseDescription.m */,
				0E7E1DF320E4BA2D005EDFB6 /* WeatherResponseForecast.h */,
				0E7E1DF420E4BA2D005EDFB6 /* WeatherResponseForecast.m */,
				0E7E1DF520E4BA2D005EDFB6 /* WeatherResponseImage.h */,
				0E7E1DF620E4BA2D005EDFB6 /* WeatherResponseImage.m */,
				0E7E1DF720E4BA2D005EDFB6 /* WeatherResponseLocation.h */,
				0E7E1DF820E4BA2D005EDFB6 /* WeatherResponseLocation.m */,
				0E7E1DF920E4BA2D005EDFB6 /* WeatherResponseProvider.h */,
				0E7E1DFA20E4BA2D005EDFB6 /* WeatherResponseProvider.m */,
				0E7E1DFB20E4BA2D005EDFB6 /* WeatherResponseTemperature.h */,
				0E7E1DFC20E4BA2D005EDFB6 /* WeatherResponseTemperature.m */,
			);
			path = Property;
			sourceTree = "<group>";
		};
/* End PBXGroup section */

/* Begin PBXNativeTarget section */
		0E1EF6F220DF5DE500703E25 /* TestWeatherApplication */ = {
			isa = PBXNativeTarget;
			buildConfigurationList = 0E1EF71F20DF5DEE00703E25 /* Build configuration list for PBXNativeTarget "TestWeatherApplication" */;
			buildPhases = (
				0E1EF6EF20DF5DE500703E25 /* Sources */,
				0E1EF6F020DF5DE500703E25 /* Frameworks */,
				0E1EF6F120DF5DE500703E25 /* Resources */,
			);
			buildRules = (
			);
			dependencies = (
			);
			name = TestWeatherApplication;
			productName = TestWeatherApplication;
			productReference = 0E1EF6F320DF5DE500703E25 /* TestWeatherApplication.app */;
			productType = "com.apple.product-type.application";
		};
		0E1EF70A20DF5DEE00703E25 /* TestWeatherApplicationTests */ = {
			isa = PBXNativeTarget;
			buildConfigurationList = 0E1EF72220DF5DEE00703E25 /* Build configuration list for PBXNativeTarget "TestWeatherApplicationTests" */;
			buildPhases = (
				0E1EF70720DF5DEE00703E25 /* Sources */,
				0E1EF70820DF5DEE00703E25 /* Frameworks */,
				0E1EF70920DF5DEE00703E25 /* Resources */,
			);
			buildRules = (
			);
			dependencies = (
				0E1EF70D20DF5DEE00703E25 /* PBXTargetDependency */,
			);
			name = TestWeatherApplicationTests;
			productName = TestWeatherApplicationTests;
			productReference = 0E1EF70B20DF5DEE00703E25 /* TestWeatherApplicationTests.xctest */;
			productType = "com.apple.product-type.bundle.unit-test";
		};
		0E1EF71520DF5DEE00703E25 /* TestWeatherApplicationUITests */ = {
			isa = PBXNativeTarget;
			buildConfigurationList = 0E1EF72520DF5DEE00703E25 /* Build configuration list for PBXNativeTarget "TestWeatherApplicationUITests" */;
			buildPhases = (
				0E1EF71220DF5DEE00703E25 /* Sources */,
				0E1EF71320DF5DEE00703E25 /* Frameworks */,
				0E1EF71420DF5DEE00703E25 /* Resources */,
			);
			buildRules = (
			);
			dependencies = (
				0E1EF71820DF5DEE00703E25 /* PBXTargetDependency */,
			);
			name = TestWeatherApplicationUITests;
			productName = TestWeatherApplicationUITests;
			productReference = 0E1EF71620DF5DEE00703E25 /* TestWeatherApplicationUITests.xctest */;
			productType = "com.apple.product-type.bundle.ui-testing";
		};
/* End PBXNativeTarget section */

/* Begin PBXProject section */
		0E1EF6EB20DF5DE500703E25 /* Project object */ = {
			isa = PBXProject;
			attributes = {
				LastUpgradeCheck = 0940;
				ORGANIZATIONNAME = am10;
				TargetAttributes = {
					0E1EF6F220DF5DE500703E25 = {
						CreatedOnToolsVersion = 9.4.1;
					};
					0E1EF70A20DF5DEE00703E25 = {
						CreatedOnToolsVersion = 9.4.1;
						TestTargetID = 0E1EF6F220DF5DE500703E25;
					};
					0E1EF71520DF5DEE00703E25 = {
						CreatedOnToolsVersion = 9.4.1;
						TestTargetID = 0E1EF6F220DF5DE500703E25;
					};
				};
			};
			buildConfigurationList = 0E1EF6EE20DF5DE500703E25 /* Build configuration list for PBXProject "TestWeatherApplication" */;
			compatibilityVersion = "Xcode 9.3";
			developmentRegion = en;
			hasScannedForEncodings = 0;
			knownRegions = (
				en,
				Base,
			);
			mainGroup = 0E1EF6EA20DF5DE500703E25;
			productRefGroup = 0E1EF6F420DF5DE500703E25 /* Products */;
			projectDirPath = "";
			projectRoot = "";
			targets = (
				0E1EF6F220DF5DE500703E25 /* TestWeatherApplication */,
				0E1EF70A20DF5DEE00703E25 /* TestWeatherApplicationTests */,
				0E1EF71520DF5DEE00703E25 /* TestWeatherApplicationUITests */,
			);
		};
/* End PBXProject section */

/* Begin PBXResourcesBuildPhase section */
		0E1EF6F120DF5DE500703E25 /* Resources */ = {
			isa = PBXResourcesBuildPhase;
			buildActionMask = 2147483647;
			files = (
				0E7E1D7B20E12943005EDFB6 /* SVProgressHUD.bundle in Resources */,
				0E7E1D7820E12943005EDFB6 /* CityData.json in Resources */,
				0E7E1DA920E4934C005EDFB6 /* PrefectureListTableViewCell.xib in Resources */,
				0E1EF70320DF5DED00703E25 /* LaunchScreen.storyboard in Resources */,
				0E1EF70020DF5DED00703E25 /* Assets.xcassets in Resources */,
				0E7E1DD120E494C1005EDFB6 /* PrefectureListView.xib in Resources */,
				0E7E1DDF20E4AEAD005EDFB6 /* WeatherInfoLargeView.xib in Resources */,
				0E7E1DB420E49361005EDFB6 /* AreaFilterTableViewCell.xib in Resources */,
				0E7E1DE420E4AEC1005EDFB6 /* WeatherInfoSmallView.xib in Resources */,
				0E1EF6FE20DF5DE500703E25 /* Main.storyboard in Resources */,
				0E7E1DCC20E49473005EDFB6 /* AreaFilterView.xib in Resources */,
				0E7E1DD620E49530005EDFB6 /* WeatherView.xib in Resources */,
			);
			runOnlyForDeploymentPostprocessing = 0;
		};
		0E1EF70920DF5DEE00703E25 /* Resources */ = {
			isa = PBXResourcesBuildPhase;
			buildActionMask = 2147483647;
			files = (
			);
			runOnlyForDeploymentPostprocessing = 0;
		};
		0E1EF71420DF5DEE00703E25 /* Resources */ = {
			isa = PBXResourcesBuildPhase;
			buildActionMask = 2147483647;
			files = (
			);
			runOnlyForDeploymentPostprocessing = 0;
		};
/* End PBXResourcesBuildPhase section */

/* Begin PBXSourcesBuildPhase section */
		0E1EF6EF20DF5DE500703E25 /* Sources */ = {
			isa = PBXSourcesBuildPhase;
			buildActionMask = 2147483647;
			files = (
				0E7E1DDD20E4AEA3005EDFB6 /* WeatherInfoLargeView.m in Sources */,
				0E7E1E0B20E4BE57005EDFB6 /* WeatherResponseMax.m in Sources */,
				0E7E1DE220E4AEBC005EDFB6 /* WeatherInfoSmallView.m in Sources */,
				0E7E1E0420E4BA2D005EDFB6 /* WeatherResponseProvider.m in Sources */,
				0E7E1E0320E4BA2D005EDFB6 /* WeatherResponseLocation.m in Sources */,
				0E7E1DDA20E4AE4F005EDFB6 /* WeatherInfoBaseView.m in Sources */,
				0E1EF70620DF5DED00703E25 /* main.m in Sources */,
				0E7E1DD420E49529005EDFB6 /* WeatherView.m in Sources */,
				0E7E1DFF20E4BA2D005EDFB6 /* WeatherResponseCopyright.m in Sources */,
				0E7E1D7D20E12943005EDFB6 /* SVRadialGradientLayer.m in Sources */,
				0E7E1E0520E4BA2D005EDFB6 /* WeatherResponseTemperature.m in Sources */,
				0E7E1DC120E49390005EDFB6 /* PrefectureListModel.m in Sources */,
				0E1EF6F820DF5DE500703E25 /* AppDelegate.m in Sources */,
				0E7E1DC420E493AC005EDFB6 /* AreaFilterModel.m in Sources */,
				0E7E1DB520E49361005EDFB6 /* AreaFilterViewController.m in Sources */,
				0E7E1DBD20E4936F005EDFB6 /* WeatherViewController.m in Sources */,
				0E7E1E0120E4BA2D005EDFB6 /* WeatherResponseForecast.m in Sources */,
				0E7E1DA620E4934C005EDFB6 /* PrefectureListViewController.m in Sources */,
				0E7E1DA820E4934C005EDFB6 /* PrefectureListTableViewCell.m in Sources */,
				0E7E1DB320E49361005EDFB6 /* AreaFilterTableViewCell.m in Sources */,
				0E7E1DEC20E4BA23005EDFB6 /* CityDataList.m in Sources */,
				0E7E1D7C20E12943005EDFB6 /* SVProgressHUD.m in Sources */,
				0E7E1DCF20E494B9005EDFB6 /* PrefectureListView.m in Sources */,
				0E7E1E0020E4BA2D005EDFB6 /* WeatherResponseDescription.m in Sources */,
				0E7E1DEB20E4BA23005EDFB6 /* CityData.m in Sources */,
				0E7E1D7920E12943005EDFB6 /* SVIndefiniteAnimatedView.m in Sources */,
				0E7E1DCA20E4945C005EDFB6 /* AreaFilterView.m in Sources */,
				0E7E1DC720E493F2005EDFB6 /* WeatherModel.m in Sources */,
				0E7E1D7A20E12943005EDFB6 /* SVProgressAnimatedView.m in Sources */,
				0E7E1E0220E4BA2D005EDFB6 /* WeatherResponseImage.m in Sources */,
				0E7E1E0620E4BA2D005EDFB6 /* WeatherResponse.m in Sources */,
			);
			runOnlyForDeploymentPostprocessing = 0;
		};
		0E1EF70720DF5DEE00703E25 /* Sources */ = {
			isa = PBXSourcesBuildPhase;
			buildActionMask = 2147483647;
			files = (
				0E1EF71020DF5DEE00703E25 /* TestWeatherApplicationTests.m in Sources */,
			);
			runOnlyForDeploymentPostprocessing = 0;
		};
		0E1EF71220DF5DEE00703E25 /* Sources */ = {
			isa = PBXSourcesBuildPhase;
			buildActionMask = 2147483647;
			files = (
				0E1EF71B20DF5DEE00703E25 /* TestWeatherApplicationUITests.m in Sources */,
			);
			runOnlyForDeploymentPostprocessing = 0;
		};
/* End PBXSourcesBuildPhase section */

/* Begin PBXTargetDependency section */
		0E1EF70D20DF5DEE00703E25 /* PBXTargetDependency */ = {
			isa = PBXTargetDependency;
			target = 0E1EF6F220DF5DE500703E25 /* TestWeatherApplication */;
			targetProxy = 0E1EF70C20DF5DEE00703E25 /* PBXContainerItemProxy */;
		};
		0E1EF71820DF5DEE00703E25 /* PBXTargetDependency */ = {
			isa = PBXTargetDependency;
			target = 0E1EF6F220DF5DE500703E25 /* TestWeatherApplication */;
			targetProxy = 0E1EF71720DF5DEE00703E25 /* PBXContainerItemProxy */;
		};
/* End PBXTargetDependency section */

/* Begin PBXVariantGroup section */
		0E1EF6FC20DF5DE500703E25 /* Main.storyboard */ = {
			isa = PBXVariantGroup;
			children = (
				0E1EF6FD20DF5DE500703E25 /* Base */,
			);
			name = Main.storyboard;
			sourceTree = "<group>";
		};
		0E1EF70120DF5DED00703E25 /* LaunchScreen.storyboard */ = {
			isa = PBXVariantGroup;
			children = (
				0E1EF70220DF5DED00703E25 /* Base */,
			);
			name = LaunchScreen.storyboard;
			sourceTree = "<group>";
		};
/* End PBXVariantGroup section */

/* Begin XCBuildConfiguration section */
		0E1EF71D20DF5DEE00703E25 /* Debug */ = {
			isa = XCBuildConfiguration;
			buildSettings = {
				ALWAYS_SEARCH_USER_PATHS = NO;
				CLANG_ANALYZER_NONNULL = YES;
				CLANG_ANALYZER_NUMBER_OBJECT_CONVERSION = YES_AGGRESSIVE;
				CLANG_CXX_LANGUAGE_STANDARD = "gnu++14";
				CLANG_CXX_LIBRARY = "libc++";
				CLANG_ENABLE_MODULES = YES;
				CLANG_ENABLE_OBJC_ARC = YES;
				CLANG_ENABLE_OBJC_WEAK = YES;
				CLANG_WARN_BLOCK_CAPTURE_AUTORELEASING = YES;
				CLANG_WARN_BOOL_CONVERSION = YES;
				CLANG_WARN_COMMA = YES;
				CLANG_WARN_CONSTANT_CONVERSION = YES;
				CLANG_WARN_DEPRECATED_OBJC_IMPLEMENTATIONS = YES;
				CLANG_WARN_DIRECT_OBJC_ISA_USAGE = YES_ERROR;
				CLANG_WARN_DOCUMENTATION_COMMENTS = YES;
				CLANG_WARN_EMPTY_BODY = YES;
				CLANG_WARN_ENUM_CONVERSION = YES;
				CLANG_WARN_INFINITE_RECURSION = YES;
				CLANG_WARN_INT_CONVERSION = YES;
				CLANG_WARN_NON_LITERAL_NULL_CONVERSION = YES;
				CLANG_WARN_OBJC_IMPLICIT_RETAIN_SELF = YES;
				CLANG_WARN_OBJC_LITERAL_CONVERSION = YES;
				CLANG_WARN_OBJC_ROOT_CLASS = YES_ERROR;
				CLANG_WARN_RANGE_LOOP_ANALYSIS = YES;
				CLANG_WARN_STRICT_PROTOTYPES = YES;
				CLANG_WARN_SUSPICIOUS_MOVE = YES;
				CLANG_WARN_UNGUARDED_AVAILABILITY = YES_AGGRESSIVE;
				CLANG_WARN_UNREACHABLE_CODE = YES;
				CLANG_WARN__DUPLICATE_METHOD_MATCH = YES;
				CODE_SIGN_IDENTITY = "iPhone Developer";
				COPY_PHASE_STRIP = NO;
				DEBUG_INFORMATION_FORMAT = dwarf;
				ENABLE_STRICT_OBJC_MSGSEND = YES;
				ENABLE_TESTABILITY = YES;
				GCC_C_LANGUAGE_STANDARD = gnu11;
				GCC_DYNAMIC_NO_PIC = NO;
				GCC_NO_COMMON_BLOCKS = YES;
				GCC_OPTIMIZATION_LEVEL = 0;
				GCC_PREPROCESSOR_DEFINITIONS = (
					"DEBUG=1",
					"$(inherited)",
				);
				GCC_WARN_64_TO_32_BIT_CONVERSION = YES;
				GCC_WARN_ABOUT_RETURN_TYPE = YES_ERROR;
				GCC_WARN_UNDECLARED_SELECTOR = YES;
				GCC_WARN_UNINITIALIZED_AUTOS = YES_AGGRESSIVE;
				GCC_WARN_UNUSED_FUNCTION = YES;
				GCC_WARN_UNUSED_VARIABLE = YES;
				IPHONEOS_DEPLOYMENT_TARGET = 10.0;
				MTL_ENABLE_DEBUG_INFO = YES;
				ONLY_ACTIVE_ARCH = YES;
				SDKROOT = iphoneos;
			};
			name = Debug;
		};
		0E1EF71E20DF5DEE00703E25 /* Release */ = {
			isa = XCBuildConfiguration;
			buildSettings = {
				ALWAYS_SEARCH_USER_PATHS = NO;
				CLANG_ANALYZER_NONNULL = YES;
				CLANG_ANALYZER_NUMBER_OBJECT_CONVERSION = YES_AGGRESSIVE;
				CLANG_CXX_LANGUAGE_STANDARD = "gnu++14";
				CLANG_CXX_LIBRARY = "libc++";
				CLANG_ENABLE_MODULES = YES;
				CLANG_ENABLE_OBJC_ARC = YES;
				CLANG_ENABLE_OBJC_WEAK = YES;
				CLANG_WARN_BLOCK_CAPTURE_AUTORELEASING = YES;
				CLANG_WARN_BOOL_CONVERSION = YES;
				CLANG_WARN_COMMA = YES;
				CLANG_WARN_CONSTANT_CONVERSION = YES;
				CLANG_WARN_DEPRECATED_OBJC_IMPLEMENTATIONS = YES;
				CLANG_WARN_DIRECT_OBJC_ISA_USAGE = YES_ERROR;
				CLANG_WARN_DOCUMENTATION_COMMENTS = YES;
				CLANG_WARN_EMPTY_BODY = YES;
				CLANG_WARN_ENUM_CONVERSION = YES;
				CLANG_WARN_INFINITE_RECURSION = YES;
				CLANG_WARN_INT_CONVERSION = YES;
				CLANG_WARN_NON_LITERAL_NULL_CONVERSION = YES;
				CLANG_WARN_OBJC_IMPLICIT_RETAIN_SELF = YES;
				CLANG_WARN_OBJC_LITERAL_CONVERSION = YES;
				CLANG_WARN_OBJC_ROOT_CLASS = YES_ERROR;
				CLANG_WARN_RANGE_LOOP_ANALYSIS = YES;
				CLANG_WARN_STRICT_PROTOTYPES = YES;
				CLANG_WARN_SUSPICIOUS_MOVE = YES;
				CLANG_WARN_UNGUARDED_AVAILABILITY = YES_AGGRESSIVE;
				CLANG_WARN_UNREACHABLE_CODE = YES;
				CLANG_WARN__DUPLICATE_METHOD_MATCH = YES;
				CODE_SIGN_IDENTITY = "iPhone Developer";
				COPY_PHASE_STRIP = NO;
				DEBUG_INFORMATION_FORMAT = "dwarf-with-dsym";
				ENABLE_NS_ASSERTIONS = NO;
				ENABLE_STRICT_OBJC_MSGSEND = YES;
				GCC_C_LANGUAGE_STANDARD = gnu11;
				GCC_NO_COMMON_BLOCKS = YES;
				GCC_WARN_64_TO_32_BIT_CONVERSION = YES;
				GCC_WARN_ABOUT_RETURN_TYPE = YES_ERROR;
				GCC_WARN_UNDECLARED_SELECTOR = YES;
				GCC_WARN_UNINITIALIZED_AUTOS = YES_AGGRESSIVE;
				GCC_WARN_UNUSED_FUNCTION = YES;
				GCC_WARN_UNUSED_VARIABLE = YES;
				IPHONEOS_DEPLOYMENT_TARGET = 10.0;
				MTL_ENABLE_DEBUG_INFO = NO;
				SDKROOT = iphoneos;
				VALIDATE_PRODUCT = YES;
			};
			name = Release;
		};
		0E1EF72020DF5DEE00703E25 /* Debug */ = {
			isa = XCBuildConfiguration;
			buildSettings = {
				ASSETCATALOG_COMPILER_APPICON_NAME = AppIcon;
				CODE_SIGN_STYLE = Manual;
				DEVELOPMENT_TEAM = "";
				GCC_PRECOMPILE_PREFIX_HEADER = YES;
				GCC_PREFIX_HEADER = "TestWeatherApplication/Supporting Files/TestWeatherApplication-PrefixHeader.pch";
				INFOPLIST_FILE = "$(SRCROOT)/TestWeatherApplication/Supporting Files/Info.plist";
				LD_RUNPATH_SEARCH_PATHS = (
					"$(inherited)",
					"@executable_path/Frameworks",
				);
				PRODUCT_BUNDLE_IDENTIFIER = am10.TestWeatherApplication;
				PRODUCT_NAME = "$(TARGET_NAME)";
				PROVISIONING_PROFILE_SPECIFIER = "";
				TARGETED_DEVICE_FAMILY = 1;
			};
			name = Debug;
		};
		0E1EF72120DF5DEE00703E25 /* Release */ = {
			isa = XCBuildConfiguration;
			buildSettings = {
				ASSETCATALOG_COMPILER_APPICON_NAME = AppIcon;
				CODE_SIGN_STYLE = Manual;
				DEVELOPMENT_TEAM = "";
				GCC_PRECOMPILE_PREFIX_HEADER = YES;
				GCC_PREFIX_HEADER = "TestWeatherApplication/Supporting Files/TestWeatherApplication-PrefixHeader.pch";
				INFOPLIST_FILE = "$(SRCROOT)/TestWeatherApplication/Supporting Files/Info.plist";
				LD_RUNPATH_SEARCH_PATHS = (
					"$(inherited)",
					"@executable_path/Frameworks",
				);
				PRODUCT_BUNDLE_IDENTIFIER = am10.TestWeatherApplication;
				PRODUCT_NAME = "$(TARGET_NAME)";
				PROVISIONING_PROFILE_SPECIFIER = "";
				TARGETED_DEVICE_FAMILY = 1;
			};
			name = Release;
		};
		0E1EF72320DF5DEE00703E25 /* Debug */ = {
			isa = XCBuildConfiguration;
			buildSettings = {
				BUNDLE_LOADER = "$(TEST_HOST)";
				CODE_SIGN_STYLE = Automatic;
				DEVELOPMENT_TEAM = H5QW7TLM9U;
				INFOPLIST_FILE = TestWeatherApplicationTests/Info.plist;
				LD_RUNPATH_SEARCH_PATHS = (
					"$(inherited)",
					"@executable_path/Frameworks",
					"@loader_path/Frameworks",
				);
				PRODUCT_BUNDLE_IDENTIFIER = am10.TestWeatherApplicationTests;
				PRODUCT_NAME = "$(TARGET_NAME)";
				TARGETED_DEVICE_FAMILY = "1,2";
				TEST_HOST = "$(BUILT_PRODUCTS_DIR)/TestWeatherApplication.app/TestWeatherApplication";
			};
			name = Debug;
		};
		0E1EF72420DF5DEE00703E25 /* Release */ = {
			isa = XCBuildConfiguration;
			buildSettings = {
				BUNDLE_LOADER = "$(TEST_HOST)";
				CODE_SIGN_STYLE = Automatic;
				DEVELOPMENT_TEAM = H5QW7TLM9U;
				INFOPLIST_FILE = TestWeatherApplicationTests/Info.plist;
				LD_RUNPATH_SEARCH_PATHS = (
					"$(inherited)",
					"@executable_path/Frameworks",
					"@loader_path/Frameworks",
				);
				PRODUCT_BUNDLE_IDENTIFIER = am10.TestWeatherApplicationTests;
				PRODUCT_NAME = "$(TARGET_NAME)";
				TARGETED_DEVICE_FAMILY = "1,2";
				TEST_HOST = "$(BUILT_PRODUCTS_DIR)/TestWeatherApplication.app/TestWeatherApplication";
			};
			name = Release;
		};
		0E1EF72620DF5DEE00703E25 /* Debug */ = {
			isa = XCBuildConfiguration;
			buildSettings = {
				CODE_SIGN_STYLE = Automatic;
				DEVELOPMENT_TEAM = H5QW7TLM9U;
				INFOPLIST_FILE = TestWeatherApplicationUITests/Info.plist;
				LD_RUNPATH_SEARCH_PATHS = (
					"$(inherited)",
					"@executable_path/Frameworks",
					"@loader_path/Frameworks",
				);
				PRODUCT_BUNDLE_IDENTIFIER = am10.TestWeatherApplicationUITests;
				PRODUCT_NAME = "$(TARGET_NAME)";
				TARGETED_DEVICE_FAMILY = "1,2";
				TEST_TARGET_NAME = TestWeatherApplication;
			};
			name = Debug;
		};
		0E1EF72720DF5DEE00703E25 /* Release */ = {
			isa = XCBuildConfiguration;
			buildSettings = {
				CODE_SIGN_STYLE = Automatic;
				DEVELOPMENT_TEAM = H5QW7TLM9U;
				INFOPLIST_FILE = TestWeatherApplicationUITests/Info.plist;
				LD_RUNPATH_SEARCH_PATHS = (
					"$(inherited)",
					"@executable_path/Frameworks",
					"@loader_path/Frameworks",
				);
				PRODUCT_BUNDLE_IDENTIFIER = am10.TestWeatherApplicationUITests;
				PRODUCT_NAME = "$(TARGET_NAME)";
				TARGETED_DEVICE_FAMILY = "1,2";
				TEST_TARGET_NAME = TestWeatherApplication;
			};
			name = Release;
		};
/* End XCBuildConfiguration section */

/* Begin XCConfigurationList section */
		0E1EF6EE20DF5DE500703E25 /* Build configuration list for PBXProject "TestWeatherApplication" */ = {
			isa = XCConfigurationList;
			buildConfigurations = (
				0E1EF71D20DF5DEE00703E25 /* Debug */,
				0E1EF71E20DF5DEE00703E25 /* Release */,
			);
			defaultConfigurationIsVisible = 0;
			defaultConfigurationName = Release;
		};
		0E1EF71F20DF5DEE00703E25 /* Build configuration list for PBXNativeTarget "TestWeatherApplication" */ = {
			isa = XCConfigurationList;
			buildConfigurations = (
				0E1EF72020DF5DEE00703E25 /* Debug */,
				0E1EF72120DF5DEE00703E25 /* Release */,
			);
			defaultConfigurationIsVisible = 0;
			defaultConfigurationName = Release;
		};
		0E1EF72220DF5DEE00703E25 /* Build configuration list for PBXNativeTarget "TestWeatherApplicationTests" */ = {
			isa = XCConfigurationList;
			buildConfigurations = (
				0E1EF72320DF5DEE00703E25 /* Debug */,
				0E1EF72420DF5DEE00703E25 /* Release */,
			);
			defaultConfigurationIsVisible = 0;
			defaultConfigurationName = Release;
		};
		0E1EF72520DF5DEE00703E25 /* Build configuration list for PBXNativeTarget "TestWeatherApplicationUITests" */ = {
			isa = XCConfigurationList;
			buildConfigurations = (
				0E1EF72620DF5DEE00703E25 /* Debug */,
				0E1EF72720DF5DEE00703E25 /* Release */,
			);
			defaultConfigurationIsVisible = 0;
			defaultConfigurationName = Release;
		};
/* End XCConfigurationList section */
	};
	rootObject = 0E1EF6EB20DF5DE500703E25 /* Project object */;
}
